PODS:
  - HHZCategory (0.0.2.4):
    - HHZCategory/HHZCategory (= 0.0.2.4)
  - HHZCategory/HHZCategory (0.0.2.4):
    - HHZCategory/HHZCategory/foundation (= 0.0.2.4)
    - HHZCategory/HHZCategory/uikit (= 0.0.2.4)
  - HHZCategory/HHZCategory/foundation (0.0.2.4)
  - HHZCategory/HHZCategory/uikit (0.0.2.4)
  - HHZConfigs (0.0.1)
  - HHZUtils (0.0.3.1):
    - HHZUtils/HHZUtils (= 0.0.3.1)
  - HHZUtils/HHZUtils (0.0.3.1):
    - HHZUtils/HHZUtils/application (= 0.0.3.1)
    - HHZUtils/HHZUtils/archive (= 0.0.3.1)
    - HHZUtils/HHZUtils/calculate (= 0.0.3.1)
    - HHZUtils/HHZUtils/cookie (= 0.0.3.1)
    - HHZUtils/HHZUtils/date (= 0.0.3.1)
    - HHZUtils/HHZUtils/device (= 0.0.3.1)
    - HHZUtils/HHZUtils/encryption (= 0.0.3.1)
    - HHZUtils/HHZUtils/exception (= 0.0.3.1)
    - HHZUtils/HHZUtils/file (= 0.0.3.1)
    - HHZUtils/HHZUtils/http (= 0.0.3.1)
    - HHZUtils/HHZUtils/json (= 0.0.3.1)
    - HHZUtils/HHZUtils/kit (= 0.0.3.1)
    - HHZUtils/HHZUtils/numerical (= 0.0.3.1)
    - HHZUtils/HHZUtils/plist (= 0.0.3.1)
    - HHZUtils/HHZUtils/regular (= 0.0.3.1)
    - HHZUtils/HHZUtils/sectionIndex (= 0.0.3.1)
    - HHZUtils/HHZUtils/system (= 0.0.3.1)
  - HHZUtils/HHZUtils/application (0.0.3.1)
  - HHZUtils/HHZUtils/archive (0.0.3.1)
  - HHZUtils/HHZUtils/calculate (0.0.3.1)
  - HHZUtils/HHZUtils/cookie (0.0.3.1)
  - HHZUtils/HHZUtils/date (0.0.3.1)
  - HHZUtils/HHZUtils/device (0.0.3.1)
  - HHZUtils/HHZUtils/encryption (0.0.3.1):
    - HHZUtils/HHZUtils/encryption/GTMBase64 (= 0.0.3.1)
  - HHZUtils/HHZUtils/encryption/GTMBase64 (0.0.3.1)
  - HHZUtils/HHZUtils/exception (0.0.3.1)
  - HHZUtils/HHZUtils/file (0.0.3.1)
  - HHZUtils/HHZUtils/http (0.0.3.1)
  - HHZUtils/HHZUtils/json (0.0.3.1)
  - HHZUtils/HHZUtils/kit (0.0.3.1)
  - HHZUtils/HHZUtils/numerical (0.0.3.1)
  - HHZUtils/HHZUtils/plist (0.0.3.1)
  - HHZUtils/HHZUtils/regular (0.0.3.1)
  - HHZUtils/HHZUtils/sectionIndex (0.0.3.1)
  - HHZUtils/HHZUtils/system (0.0.3.1)
  - Masonry (1.0.2)

DEPENDENCIES:
  - HHZCategory (from `https://github.com/chenzhe555/HHZCategory.git`)
  - HHZConfigs (from `https://github.com/chenzhe555/HHZConfigs.git`)
  - HHZUtils (from `https://github.com/chenzhe555/HHZUtils.git`)
  - Masonry (~> 1.0.2)

EXTERNAL SOURCES:
  HHZCategory:
    :git: https://github.com/chenzhe555/HHZCategory.git
  HHZConfigs:
    :git: https://github.com/chenzhe555/HHZConfigs.git
  HHZUtils:
    :git: https://github.com/chenzhe555/HHZUtils.git

CHECKOUT OPTIONS:
  HHZCategory:
    :commit: 47a78c88b3b786514d6b80da9c04f94d8b9df454
    :git: https://github.com/chenzhe555/HHZCategory.git
  HHZConfigs:
    :commit: 66ca2faa5c5346a4e25f0d6cd84c78b90dc00cfb
    :git: https://github.com/chenzhe555/HHZConfigs.git
  HHZUtils:
    :commit: 15585b8205a5982b57b5543dab09dd27c998b177
    :git: https://github.com/chenzhe555/HHZUtils.git

SPEC CHECKSUMS:
  HHZCategory: b8daeffa2c5eba1be7329fdb03804f04e32ea5da
  HHZConfigs: ec7b50d7bc0f7738a1e104b325b22a5ab81ece85
  HHZUtils: 8caa2bd6e807c196ff90d4406dca9ab977e7da3a
  Masonry: 7c429b56da9d4ee0bbb3ed77a5ea710d6a5df39e

PODFILE CHECKSUM: a58a4e280e2a3d1d606b01cf117a700926535011

COCOAPODS: 1.3.0.beta.3
